
Microsoft Visual Studio Solution File, Format Version 12.00
# Visual Studio Version 17
VisualStudioVersion = 17.10.35027.167
MinimumVisualStudioVersion = 10.0.40219.1
Project("{FAE04EC0-301F-11D3-BF4B-00C04F79EFBC}") = "CleanArch", "CleanArch.csproj", "{D9902EA8-7059-4431-B057-930D8FDECF27}"
EndProject
Project("{FAE04EC0-301F-11D3-BF4B-00C04F79EFBC}") = "CleanArch.Domain", "CleanArch.Domain\CleanArch.Domain.csproj", "{ABFE5D54-CFDA-4600-BF30-D7F77963F557}"
EndProject
Project("{FAE04EC0-301F-11D3-BF4B-00C04F79EFBC}") = "CleanArch.Application", "CleanArch.Application\CleanArch.Application.csproj", "{EB6A711A-84A9-4F5B-A828-5C09C86F60A8}"
EndProject
Project("{FAE04EC0-301F-11D3-BF4B-00C04F79EFBC}") = "CleanArch.Infrastructure", "CleanArch.Infrastructure\CleanArch.Infrastructure.csproj", "{EA06D3C4-321D-45DA-8AB0-949F4D30452F}"
EndProject
Project("{FAE04EC0-301F-11D3-BF4B-00C04F79EFBC}") = "CleanArch.Config", "CleanArch.Config\CleanArch.Config.csproj", "{68E33110-9E8A-480A-8609-0207832F51AA}"
EndProject
Global
	GlobalSection(SolutionConfigurationPlatforms) = preSolution
		Debug|Any CPU = Debug|Any CPU
		Release|Any CPU = Release|Any CPU
	EndGlobalSection
	GlobalSection(ProjectConfigurationPlatforms) = postSolution
		{D9902EA8-7059-4431-B057-930D8FDECF27}.Debug|Any CPU.ActiveCfg = Debug|Any CPU
		{D9902EA8-7059-4431-B057-930D8FDECF27}.Debug|Any CPU.Build.0 = Debug|Any CPU
		{D9902EA8-7059-4431-B057-930D8FDECF27}.Release|Any CPU.ActiveCfg = Release|Any CPU
		{D9902EA8-7059-4431-B057-930D8FDECF27}.Release|Any CPU.Build.0 = Release|Any CPU
		{ABFE5D54-CFDA-4600-BF30-D7F77963F557}.Debug|Any CPU.ActiveCfg = Debug|Any CPU
		{ABFE5D54-CFDA-4600-BF30-D7F77963F557}.Debug|Any CPU.Build.0 = Debug|Any CPU
		{ABFE5D54-CFDA-4600-BF30-D7F77963F557}.Release|Any CPU.ActiveCfg = Release|Any CPU
		{ABFE5D54-CFDA-4600-BF30-D7F77963F557}.Release|Any CPU.Build.0 = Release|Any CPU
		{EB6A711A-84A9-4F5B-A828-5C09C86F60A8}.Debug|Any CPU.ActiveCfg = Debug|Any CPU
		{EB6A711A-84A9-4F5B-A828-5C09C86F60A8}.Debug|Any CPU.Build.0 = Debug|Any CPU
		{EB6A711A-84A9-4F5B-A828-5C09C86F60A8}.Release|Any CPU.ActiveCfg = Release|Any CPU
		{EB6A711A-84A9-4F5B-A828-5C09C86F60A8}.Release|Any CPU.Build.0 = Release|Any CPU
		{EA06D3C4-321D-45DA-8AB0-949F4D30452F}.Debug|Any CPU.ActiveCfg = Debug|Any CPU
		{EA06D3C4-321D-45DA-8AB0-949F4D30452F}.Debug|Any CPU.Build.0 = Debug|Any CPU
		{EA06D3C4-321D-45DA-8AB0-949F4D30452F}.Release|Any CPU.ActiveCfg = Release|Any CPU
		{EA06D3C4-321D-45DA-8AB0-949F4D30452F}.Release|Any CPU.Build.0 = Release|Any CPU
		{68E33110-9E8A-480A-8609-0207832F51AA}.Debug|Any CPU.ActiveCfg = Debug|Any CPU
		{68E33110-9E8A-480A-8609-0207832F51AA}.Debug|Any CPU.Build.0 = Debug|Any CPU
		{68E33110-9E8A-480A-8609-0207832F51AA}.Release|Any CPU.ActiveCfg = Release|Any CPU
		{68E33110-9E8A-480A-8609-0207832F51AA}.Release|Any CPU.Build.0 = Release|Any CPU
	EndGlobalSection
	GlobalSection(SolutionProperties) = preSolution
		HideSolutionNode = FALSE
	EndGlobalSection
	GlobalSection(ExtensibilityGlobals) = postSolution
		SolutionGuid = {8B1C6C1B-1CDE-4137-ABC2-F9E04A1948EE}
	EndGlobalSection
EndGlobal
